// !$*UTF8*$!
{
	archiveVersion = 1;
	classes = {
	};
	objectVersion = 50;
	objects = {

/* Begin PBXBuildFile section */
		A395195724C4187300E13E4E /* profileViewController.swift in Sources */ = {isa = PBXBuildFile; fileRef = A395195624C4187300E13E4E /* profileViewController.swift */; };
		A3D66C7224C31E0500747857 /* AppDelegate.swift in Sources */ = {isa = PBXBuildFile; fileRef = A3D66C7124C31E0500747857 /* AppDelegate.swift */; };
		A3D66C7424C31E0500747857 /* SceneDelegate.swift in Sources */ = {isa = PBXBuildFile; fileRef = A3D66C7324C31E0500747857 /* SceneDelegate.swift */; };
		A3D66C7624C31E0500747857 /* ViewController.swift in Sources */ = {isa = PBXBuildFile; fileRef = A3D66C7524C31E0500747857 /* ViewController.swift */; };
		A3D66C7924C31E0500747857 /* Main.storyboard in Resources */ = {isa = PBXBuildFile; fileRef = A3D66C7724C31E0500747857 /* Main.storyboard */; };
		A3D66C7B24C31E0600747857 /* Assets.xcassets in Resources */ = {isa = PBXBuildFile; fileRef = A3D66C7A24C31E0600747857 /* Assets.xcassets */; };
		A3D66C7E24C31E0600747857 /* LaunchScreen.storyboard in Resources */ = {isa = PBXBuildFile; fileRef = A3D66C7C24C31E0600747857 /* LaunchScreen.storyboard */; };
		A3D66C8624C31ECE00747857 /* SignUpViewController.swift in Sources */ = {isa = PBXBuildFile; fileRef = A3D66C8524C31ECE00747857 /* SignUpViewController.swift */; };
		A3D66C8924C3296A00747857 /* UserInformation.swift in Sources */ = {isa = PBXBuildFile; fileRef = A3D66C8724C3287700747857 /* UserInformation.swift */; };
		A3D66C8E24C329FB00747857 /* SignUpViewControllerEtc.swift in Sources */ = {isa = PBXBuildFile; fileRef = A3D66C8C24C329EE00747857 /* SignUpViewControllerEtc.swift */; };
/* End PBXBuildFile section */

/* Begin PBXFileReference section */
		A395195624C4187300E13E4E /* profileViewController.swift */ = {isa = PBXFileReference; lastKnownFileType = sourcecode.swift; path = profileViewController.swift; sourceTree = "<group>"; };
		A3D66C6E24C31E0500747857 /* SignUp.app */ = {isa = PBXFileReference; explicitFileType = wrapper.application; includeInIndex = 0; path = SignUp.app; sourceTree = BUILT_PRODUCTS_DIR; };
		A3D66C7124C31E0500747857 /* AppDelegate.swift */ = {isa = PBXFileReference; lastKnownFileType = sourcecode.swift; path = AppDelegate.swift; sourceTree = "<group>"; };
		A3D66C7324C31E0500747857 /* SceneDelegate.swift */ = {isa = PBXFileReference; lastKnownFileType = sourcecode.swift; path = SceneDelegate.swift; sourceTree = "<group>"; };
		A3D66C7524C31E0500747857 /* ViewController.swift */ = {isa = PBXFileReference; lastKnownFileType = sourcecode.swift; path = ViewController.swift; sourceTree = "<group>"; };
		A3D66C7824C31E0500747857 /* Base */ = {isa = PBXFileReference; lastKnownFileType = file.storyboard; name = Base; path = Base.lproj/Main.storyboard; sourceTree = "<group>"; };
		A3D66C7A24C31E0600747857 /* Assets.xcassets */ = {isa = PBXFileReference; lastKnownFileType = folder.assetcatalog; path = Assets.xcassets; sourceTree = "<group>"; };
		A3D66C7D24C31E0600747857 /* Base */ = {isa = PBXFileReference; lastKnownFileType = file.storyboard; name = Base; path = Base.lproj/LaunchScreen.storyboard; sourceTree = "<group>"; };
		A3D66C7F24C31E0600747857 /* Info.plist */ = {isa = PBXFileReference; lastKnownFileType = text.plist.xml; path = Info.plist; sourceTree = "<group>"; };
		A3D66C8524C31ECE00747857 /* SignUpViewController.swift */ = {isa = PBXFileReference; lastKnownFileType = sourcecode.swift; path = SignUpViewController.swift; sourceTree = "<group>"; };
		A3D66C8724C3287700747857 /* UserInformation.swift */ = {isa = PBXFileReference; lastKnownFileType = sourcecode.swift; path = UserInformation.swift; sourceTree = "<group>"; };
		A3D66C8C24C329EE00747857 /* SignUpViewControllerEtc.swift */ = {isa = PBXFileReference; lastKnownFileType = sourcecode.swift; path = SignUpViewControllerEtc.swift; sourceTree = SOURCE_ROOT; };
/* End PBXFileReference section */

/* Begin PBXFrameworksBuildPhase section */
		A3D66C6B24C31E0500747857 /* Frameworks */ = {
			isa = PBXFrameworksBuildPhase;
			buildActionMask = 2147483647;
			files = (
			);
			runOnlyForDeploymentPostprocessing = 0;
		};
/* End PBXFrameworksBuildPhase section */

/* Begin PBXGroup section */
		A3D66C6524C31E0500747857 = {
			isa = PBXGroup;
			children = (
				A3D66C7024C31E0500747857 /* SignUp */,
				A3D66C6F24C31E0500747857 /* Products */,
			);
			sourceTree = "<group>";
		};
		A3D66C6F24C31E0500747857 /* Products */ = {
			isa = PBXGroup;
			children = (
				A3D66C6E24C31E0500747857 /* SignUp.app */,
			);
			name = Products;
			sourceTree = "<group>";
		};
		A3D66C7024C31E0500747857 /* SignUp */ = {
			isa = PBXGroup;
			children = (
				A3D66C7124C31E0500747857 /* AppDelegate.swift */,
				A3D66C7324C31E0500747857 /* SceneDelegate.swift */,
				A3D66C7524C31E0500747857 /* ViewController.swift */,
				A3D66C8524C31ECE00747857 /* SignUpViewController.swift */,
				A3D66C8C24C329EE00747857 /* SignUpViewControllerEtc.swift */,
				A395195624C4187300E13E4E /* profileViewController.swift */,
				A3D66C7724C31E0500747857 /* Main.storyboard */,
				A3D66C8724C3287700747857 /* UserInformation.swift */,
				A3D66C7A24C31E0600747857 /* Assets.xcassets */,
				A3D66C7C24C31E0600747857 /* LaunchScreen.storyboard */,
				A3D66C7F24C31E0600747857 /* Info.plist */,
			);
			path = SignUp;
			sourceTree = "<group>";
		};
/* End PBXGroup section */

/* Begin PBXNativeTarget section */
		A3D66C6D24C31E0500747857 /* SignUp */ = {
			isa = PBXNativeTarget;
			buildConfigurationList = A3D66C8224C31E0600747857 /* Build configuration list for PBXNativeTarget "SignUp" */;
			buildPhases = (
				A3D66C6A24C31E0500747857 /* Sources */,
				A3D66C6B24C31E0500747857 /* Frameworks */,
				A3D66C6C24C31E0500747857 /* Resources */,
			);
			buildRules = (
			);
			dependencies = (
			);
			name = SignUp;
			productName = SignUp;
			productReference = A3D66C6E24C31E0500747857 /* SignUp.app */;
			productType = "com.apple.product-type.application";
		};
/* End PBXNativeTarget section */

/* Begin PBXProject section */
		A3D66C6624C31E0500747857 /* Project object */ = {
			isa = PBXProject;
			attributes = {
				LastSwiftUpdateCheck = 1150;
				LastUpgradeCheck = 1150;
				ORGANIZATIONNAME = sunhpark;
				TargetAttributes = {
					A3D66C6D24C31E0500747857 = {
						CreatedOnToolsVersion = 11.5;
					};
				};
			};
			buildConfigurationList = A3D66C6924C31E0500747857 /* Build configuration list for PBXProject "SignUp" */;
			compatibilityVersion = "Xcode 9.3";
			developmentRegion = en;
			hasScannedForEncodings = 0;
			knownRegions = (
				en,
				Base,
			);
			mainGroup = A3D66C6524C31E0500747857;
			productRefGroup = A3D66C6F24C31E0500747857 /* Products */;
			projectDirPath = "";
			projectRoot = "";
			targets = (
				A3D66C6D24C31E0500747857 /* SignUp */,
			);
		};
/* End PBXProject section */

/* Begin PBXResourcesBuildPhase section */
		A3D66C6C24C31E0500747857 /* Resources */ = {
			isa = PBXResourcesBuildPhase;
			buildActionMask = 2147483647;
			files = (
				A3D66C7E24C31E0600747857 /* LaunchScreen.storyboard in Resources */,
				A3D66C7B24C31E0600747857 /* Assets.xcassets in Resources */,
				A3D66C7924C31E0500747857 /* Main.storyboard in Resources */,
			);
			runOnlyForDeploymentPostprocessing = 0;
		};
/* End PBXResourcesBuildPhase section */

/* Begin PBXSourcesBuildPhase section */
		A3D66C6A24C31E0500747857 /* Sources */ = {
			isa = PBXSourcesBuildPhase;
			buildActionMask = 2147483647;
			files = (
				A3D66C8924C3296A00747857 /* UserInformation.swift in Sources */,
				A3D66C8624C31ECE00747857 /* SignUpViewController.swift in Sources */,
				A395195724C4187300E13E4E /* profileViewController.swift in Sources */,
				A3D66C7624C31E0500747857 /* ViewController.swift in Sources */,
				A3D66C7224C31E0500747857 /* AppDelegate.swift in Sources */,
				A3D66C7424C31E0500747857 /* SceneDelegate.swift in Sources */,
				A3D66C8E24C329FB00747857 /* SignUpViewControllerEtc.swift in Sources */,
			);
			runOnlyForDeploymentPostprocessing = 0;
		};
/* End PBXSourcesBuildPhase section */

/* Begin PBXVariantGroup section */
		A3D66C7724C31E0500747857 /* Main.storyboard */ = {
			isa = PBXVariantGroup;
			children = (
				A3D66C7824C31E0500747857 /* Base */,
			);
			name = Main.storyboard;
			sourceTree = "<group>";
		};
		A3D66C7C24C31E0600747857 /* LaunchScreen.storyboard */ = {
			isa = PBXVariantGroup;
			children = (
				A3D66C7D24C31E0600747857 /* Base */,
			);
			name = LaunchScreen.storyboard;
			sourceTree = "<group>";
		};
/* End PBXVariantGroup section */

/* Begin XCBuildConfiguration section */
		A3D66C8024C31E0600747857 /* Debug */ = {
			isa = XCBuildConfiguration;
			buildSettings = {
				ALWAYS_SEARCH_USER_PATHS = NO;
				CLANG_ANALYZER_NONNULL = YES;
				CLANG_ANALYZER_NUMBER_OBJECT_CONVERSION = YES_AGGRESSIVE;
				CLANG_CXX_LANGUAGE_STANDARD = "gnu++14";
				CLANG_CXX_LIBRARY = "libc++";
				CLANG_ENABLE_MODULES = YES;
				CLANG_ENABLE_OBJC_ARC = YES;
				CLANG_ENABLE_OBJC_WEAK = YES;
				CLANG_WARN_BLOCK_CAPTURE_AUTORELEASING = YES;
				CLANG_WARN_BOOL_CONVERSION = YES;
				CLANG_WARN_COMMA = YES;
				CLANG_WARN_CONSTANT_CONVERSION = YES;
				CLANG_WARN_DEPRECATED_OBJC_IMPLEMENTATIONS = YES;
				CLANG_WARN_DIRECT_OBJC_ISA_USAGE = YES_ERROR;
				CLANG_WARN_DOCUMENTATION_COMMENTS = YES;
				CLANG_WARN_EMPTY_BODY = YES;
				CLANG_WARN_ENUM_CONVERSION = YES;
				CLANG_WARN_INFINITE_RECURSION = YES;
				CLANG_WARN_INT_CONVERSION = YES;
				CLANG_WARN_NON_LITERAL_NULL_CONVERSION = YES;
				CLANG_WARN_OBJC_IMPLICIT_RETAIN_SELF = YES;
				CLANG_WARN_OBJC_LITERAL_CONVERSION = YES;
				CLANG_WARN_OBJC_ROOT_CLASS = YES_ERROR;
				CLANG_WARN_RANGE_LOOP_ANALYSIS = YES;
				CLANG_WARN_STRICT_PROTOTYPES = YES;
				CLANG_WARN_SUSPICIOUS_MOVE = YES;
				CLANG_WARN_UNGUARDED_AVAILABILITY = YES_AGGRESSIVE;
				CLANG_WARN_UNREACHABLE_CODE = YES;
				CLANG_WARN__DUPLICATE_METHOD_MATCH = YES;
				COPY_PHASE_STRIP = NO;
				DEBUG_INFORMATION_FORMAT = dwarf;
				ENABLE_STRICT_OBJC_MSGSEND = YES;
				ENABLE_TESTABILITY = YES;
				GCC_C_LANGUAGE_STANDARD = gnu11;
				GCC_DYNAMIC_NO_PIC = NO;
				GCC_NO_COMMON_BLOCKS = YES;
				GCC_OPTIMIZATION_LEVEL = 0;
				GCC_PREPROCESSOR_DEFINITIONS = (
					"DEBUG=1",
					"$(inherited)",
				);
				GCC_WARN_64_TO_32_BIT_CONVERSION = YES;
				GCC_WARN_ABOUT_RETURN_TYPE = YES_ERROR;
				GCC_WARN_UNDECLARED_SELECTOR = YES;
				GCC_WARN_UNINITIALIZED_AUTOS = YES_AGGRESSIVE;
				GCC_WARN_UNUSED_FUNCTION = YES;
				GCC_WARN_UNUSED_VARIABLE = YES;
				IPHONEOS_DEPLOYMENT_TARGET = 13.5;
				MTL_ENABLE_DEBUG_INFO = INCLUDE_SOURCE;
				MTL_FAST_MATH = YES;
				ONLY_ACTIVE_ARCH = YES;
				SDKROOT = iphoneos;
				SWIFT_ACTIVE_COMPILATION_CONDITIONS = DEBUG;
				SWIFT_OPTIMIZATION_LEVEL = "-Onone";
			};
			name = Debug;
		};
		A3D66C8124C31E0600747857 /* Release */ = {
			isa = XCBuildConfiguration;
			buildSettings = {
				ALWAYS_SEARCH_USER_PATHS = NO;
				CLANG_ANALYZER_NONNULL = YES;
				CLANG_ANALYZER_NUMBER_OBJECT_CONVERSION = YES_AGGRESSIVE;
				CLANG_CXX_LANGUAGE_STANDARD = "gnu++14";
				CLANG_CXX_LIBRARY = "libc++";
				CLANG_ENABLE_MODULES = YES;
				CLANG_ENABLE_OBJC_ARC = YES;
				CLANG_ENABLE_OBJC_WEAK = YES;
				CLANG_WARN_BLOCK_CAPTURE_AUTORELEASING = YES;
				CLANG_WARN_BOOL_CONVERSION = YES;
				CLANG_WARN_COMMA = YES;
				CLANG_WARN_CONSTANT_CONVERSION = YES;
				CLANG_WARN_DEPRECATED_OBJC_IMPLEMENTATIONS = YES;
				CLANG_WARN_DIRECT_OBJC_ISA_USAGE = YES_ERROR;
				CLANG_WARN_DOCUMENTATION_COMMENTS = YES;
				CLANG_WARN_EMPTY_BODY = YES;
				CLANG_WARN_ENUM_CONVERSION = YES;
				CLANG_WARN_INFINITE_RECURSION = YES;
				CLANG_WARN_INT_CONVERSION = YES;
				CLANG_WARN_NON_LITERAL_NULL_CONVERSION = YES;
				CLANG_WARN_OBJC_IMPLICIT_RETAIN_SELF = YES;
				CLANG_WARN_OBJC_LITERAL_CONVERSION = YES;
				CLANG_WARN_OBJC_ROOT_CLASS = YES_ERROR;
				CLANG_WARN_RANGE_LOOP_ANALYSIS = YES;
				CLANG_WARN_STRICT_PROTOTYPES = YES;
				CLANG_WARN_SUSPICIOUS_MOVE = YES;
				CLANG_WARN_UNGUARDED_AVAILABILITY = YES_AGGRESSIVE;
				CLANG_WARN_UNREACHABLE_CODE = YES;
				CLANG_WARN__DUPLICATE_METHOD_MATCH = YES;
				COPY_PHASE_STRIP = NO;
				DEBUG_INFORMATION_FORMAT = "dwarf-with-dsym";
				ENABLE_NS_ASSERTIONS = NO;
				ENABLE_STRICT_OBJC_MSGSEND = YES;
				GCC_C_LANGUAGE_STANDARD = gnu11;
				GCC_NO_COMMON_BLOCKS = YES;
				GCC_WARN_64_TO_32_BIT_CONVERSION = YES;
				GCC_WARN_ABOUT_RETURN_TYPE = YES_ERROR;
				GCC_WARN_UNDECLARED_SELECTOR = YES;
				GCC_WARN_UNINITIALIZED_AUTOS = YES_AGGRESSIVE;
				GCC_WARN_UNUSED_FUNCTION = YES;
				GCC_WARN_UNUSED_VARIABLE = YES;
				IPHONEOS_DEPLOYMENT_TARGET = 13.5;
				MTL_ENABLE_DEBUG_INFO = NO;
				MTL_FAST_MATH = YES;
				SDKROOT = iphoneos;
				SWIFT_COMPILATION_MODE = wholemodule;
				SWIFT_OPTIMIZATION_LEVEL = "-O";
				VALIDATE_PRODUCT = YES;
			};
			name = Release;
		};
		A3D66C8324C31E0600747857 /* Debug */ = {
			isa = XCBuildConfiguration;
			buildSettings = {
				ASSETCATALOG_COMPILER_APPICON_NAME = AppIcon;
				CODE_SIGN_STYLE = Automatic;
				INFOPLIST_FILE = SignUp/Info.plist;
				LD_RUNPATH_SEARCH_PATHS = (
					"$(inherited)",
					"@executable_path/Frameworks",
				);
				PRODUCT_BUNDLE_IDENTIFIER = net.sunny.SignUp;
				PRODUCT_NAME = "$(TARGET_NAME)";
				SWIFT_VERSION = 5.0;
				TARGETED_DEVICE_FAMILY = "1,2";
			};
			name = Debug;
		};
		A3D66C8424C31E0600747857 /* Release */ = {
			isa = XCBuildConfiguration;
			buildSettings = {
				ASSETCATALOG_COMPILER_APPICON_NAME = AppIcon;
				CODE_SIGN_STYLE = Automatic;
				INFOPLIST_FILE = SignUp/Info.plist;
				LD_RUNPATH_SEARCH_PATHS = (
					"$(inherited)",
					"@executable_path/Frameworks",
				);
				PRODUCT_BUNDLE_IDENTIFIER = net.sunny.SignUp;
				PRODUCT_NAME = "$(TARGET_NAME)";
				SWIFT_VERSION = 5.0;
				TARGETED_DEVICE_FAMILY = "1,2";
			};
			name = Release;
		};
/* End XCBuildConfiguration section */

/* Begin XCConfigurationList section */
		A3D66C6924C31E0500747857 /* Build configuration list for PBXProject "SignUp" */ = {
			isa = XCConfigurationList;
			buildConfigurations = (
				A3D66C8024C31E0600747857 /* Debug */,
				A3D66C8124C31E0600747857 /* Release */,
			);
			defaultConfigurationIsVisible = 0;
			defaultConfigurationName = Release;
		};
		A3D66C8224C31E0600747857 /* Build configuration list for PBXNativeTarget "SignUp" */ = {
			isa = XCConfigurationList;
			buildConfigurations = (
				A3D66C8324C31E0600747857 /* Debug */,
				A3D66C8424C31E0600747857 /* Release */,
			);
			defaultConfigurationIsVisible = 0;
			defaultConfigurationName = Release;
		};
/* End XCConfigurationList section */
	};
	rootObject = A3D66C6624C31E0500747857 /* Project object */;
}
